
Microsoft Visual Studio Solution File, Format Version 12.00
# Visual Studio Version 17
VisualStudioVersion = 17.7.34031.279
MinimumVisualStudioVersion = 10.0.40219.1
Project("{FAE04EC0-301F-11D3-BF4B-00C04F79EFBC}") = "lab1ex5", "lab1ex5\lab1ex5.csproj", "{130E3321-1253-41CD-AD0C-CAEED04DFBE1}"
EndProject
Global
	GlobalSection(SolutionConfigurationPlatforms) = preSolution
		Debug|Any CPU = Debug|Any CPU
		Release|Any CPU = Release|Any CPU
	EndGlobalSection
	GlobalSection(ProjectConfigurationPlatforms) = postSolution
		{130E3321-1253-41CD-AD0C-CAEED04DFBE1}.Debug|Any CPU.ActiveCfg = Debug|Any CPU
		{130E3321-1253-41CD-AD0C-CAEED04DFBE1}.Debug|Any CPU.Build.0 = Debug|Any CPU
		{130E3321-1253-41CD-AD0C-CAEED04DFBE1}.Release|Any CPU.ActiveCfg = Release|Any CPU
		{130E3321-1253-41CD-AD0C-CAEED04DFBE1}.Release|Any CPU.Build.0 = Release|Any CPU
	EndGlobalSection
	GlobalSection(SolutionProperties) = preSolution
		HideSolutionNode = FALSE
	EndGlobalSection
	GlobalSection(ExtensibilityGlobals) = postSolution
		SolutionGuid = {85ED5419-A0DE-4D8F-957B-2AC548DA795A}
	EndGlobalSection
EndGlobal
